Microsoft Visual Studio Solution File, Format Version 12.00
# Visual Studio 2012
Project("{FAE04EC0-301F-11D3-BF4B-00C04F79EFBC}") = "1233", "1233.csproj", "{AC77F74B-A216-4976-AB68-25B488771026}"
EndProject
Global
	GlobalSection(SolutionConfigurationPlatforms) = preSolution
	Debug|Any CPU = Debug|Any CPU
	ExportDebug|Any CPU = ExportDebug|Any CPU
	ExportRelease|Any CPU = ExportRelease|Any CPU
	EndGlobalSection
	GlobalSection(ProjectConfigurationPlatforms) = postSolution
		{AC77F74B-A216-4976-AB68-25B488771026}.Debug|Any CPU.ActiveCfg = Debug|Any CPU
		{AC77F74B-A216-4976-AB68-25B488771026}.Debug|Any CPU.Build.0 = Debug|Any CPU
		{AC77F74B-A216-4976-AB68-25B488771026}.ExportDebug|Any CPU.ActiveCfg = ExportDebug|Any CPU
		{AC77F74B-A216-4976-AB68-25B488771026}.ExportDebug|Any CPU.Build.0 = ExportDebug|Any CPU
		{AC77F74B-A216-4976-AB68-25B488771026}.ExportRelease|Any CPU.ActiveCfg = ExportRelease|Any CPU
		{AC77F74B-A216-4976-AB68-25B488771026}.ExportRelease|Any CPU.Build.0 = ExportRelease|Any CPU
	EndGlobalSection
EndGlobal
